
Microsoft Visual Studio Solution File, Format Version 12.00
# Visual Studio Version 16
VisualStudioVersion = 16.0.30011.22
MinimumVisualStudioVersion = 10.0.40219.1
Project("{FAE04EC0-301F-11D3-BF4B-00C04F79EFBC}") = "XGMESMain", "XGMESMain\XGMESMain.csproj", "{83E61245-A98A-4EA6-868F-29AC7D9A0A5A}"
	ProjectSection(ProjectDependencies) = postProject
		{F1FEE102-40BA-4ABA-BC5B-6410D89B8D07} = {F1FEE102-40BA-4ABA-BC5B-6410D89B8D07}
		{DA3B3E0B-769B-4303-9D4E-51B77E0973D9} = {DA3B3E0B-769B-4303-9D4E-51B77E0973D9}
		{DEC5B615-CF9C-4EC3-87A5-855AA876252E} = {DEC5B615-CF9C-4EC3-87A5-855AA876252E}
		{C6B80B74-EB86-44FC-9016-F70FE4602BF5} = {C6B80B74-EB86-44FC-9016-F70FE4602BF5}
		{9CFEDA75-063E-4B99-8BFD-B0087AD8936C} = {9CFEDA75-063E-4B99-8BFD-B0087AD8936C}
		{824E6F90-DB29-4A4A-8B4A-9FA777F7DA8B} = {824E6F90-DB29-4A4A-8B4A-9FA777F7DA8B}
		{7A1CADE6-1539-494A-922B-86A345F6EBD9} = {7A1CADE6-1539-494A-922B-86A345F6EBD9}
	EndProjectSection
EndProject
Project("{FAE04EC0-301F-11D3-BF4B-00C04F79EFBC}") = "EquipMag", "Project\EquipMag\EquipMag.csproj", "{DEC5B615-CF9C-4EC3-87A5-855AA876252E}"
EndProject
Project("{FAE04EC0-301F-11D3-BF4B-00C04F79EFBC}") = "QualityMag", "Project\QualityMag\QualityMag.csproj", "{824E6F90-DB29-4A4A-8B4A-9FA777F7DA8B}"
EndProject
Project("{FAE04EC0-301F-11D3-BF4B-00C04F79EFBC}") = "UnitMag", "Project\UnitMag\UnitMag.csproj", "{F1FEE102-40BA-4ABA-BC5B-6410D89B8D07}"
EndProject
Project("{FAE04EC0-301F-11D3-BF4B-00C04F79EFBC}") = "CommonMag", "Project\CommonMag\CommonMag.csproj", "{9CFEDA75-063E-4B99-8BFD-B0087AD8936C}"
EndProject
Project("{FAE04EC0-301F-11D3-BF4B-00C04F79EFBC}") = "DispatchMag", "Project\DispatchMag\DispatchMag.csproj", "{DA3B3E0B-769B-4303-9D4E-51B77E0973D9}"
EndProject
Project("{FAE04EC0-301F-11D3-BF4B-00C04F79EFBC}") = "PlanMag", "Project\PlanMag\PlanMag.csproj", "{C6B80B74-EB86-44FC-9016-F70FE4602BF5}"
EndProject
Project("{FAE04EC0-301F-11D3-BF4B-00C04F79EFBC}") = "StoreMag", "Project\StoreMag\StoreMag.csproj", "{7A1CADE6-1539-494A-922B-86A345F6EBD9}"
EndProject
Project("{FAE04EC0-301F-11D3-BF4B-00C04F79EFBC}") = "BaseDataMag", "Project\BaseDataMag\BaseDataMag.csproj", "{25363A78-EC23-4C1F-B0FA-ED107653EF9A}"
EndProject
Project("{FAE04EC0-301F-11D3-BF4B-00C04F79EFBC}") = "NCTelDataMag", "Project\NCTelDataMag\NCTelDataMag.csproj", "{DB13FC75-F5FE-454F-807E-9AD10ED62538}"
EndProject
Project("{FAE04EC0-301F-11D3-BF4B-00C04F79EFBC}") = "spc", "Project\spc\spc.csproj", "{F2C85AE0-4124-4653-9A5F-EDD002B80F15}"
EndProject
Project("{FAE04EC0-301F-11D3-BF4B-00C04F79EFBC}") = "BOFL2Mag", "Project\BOFL2Mag\BOFL2Mag.csproj", "{2599AF6C-BD25-4308-BF8B-41BE48CB7196}"
EndProject
Project("{54435603-DBB4-11D2-8724-00A0C9A8B90C}") = "XGMES_SETUP", "XGMES_SETUP\XGMES_SETUP.vdproj", "{A71259C1-2B2B-45C7-A5B8-EB3064EEF24A}"
EndProject
Project("{FAE04EC0-301F-11D3-BF4B-00C04F79EFBC}") = "logic_shangchuan", "xgmeslogic\logic_shangchuan\logic_shangchuan.csproj", "{5E389B06-FAAB-4F8A-9CF3-CFCC8C30A38B}"
EndProject
Project("{2150E333-8FDC-42A3-9474-1A3956D46DE8}") = "后台逻辑、报表", "后台逻辑、报表", "{E05A8D16-9C91-44F8-AB32-B220C54A0886}"
EndProject
Global
	GlobalSection(SolutionConfigurationPlatforms) = preSolution
		Debug|.NET = Debug|.NET
		Debug|Any CPU = Debug|Any CPU
		Debug|Mixed Platforms = Debug|Mixed Platforms
		Release|.NET = Release|.NET
		Release|Any CPU = Release|Any CPU
		Release|Mixed Platforms = Release|Mixed Platforms
	EndGlobalSection
	GlobalSection(ProjectConfigurationPlatforms) = postSolution
		{83E61245-A98A-4EA6-868F-29AC7D9A0A5A}.Debug|.NET.ActiveCfg = Debug|Any CPU
		{83E61245-A98A-4EA6-868F-29AC7D9A0A5A}.Debug|Any CPU.ActiveCfg = Debug|Any CPU
		{83E61245-A98A-4EA6-868F-29AC7D9A0A5A}.Debug|Any CPU.Build.0 = Debug|Any CPU
		{83E61245-A98A-4EA6-868F-29AC7D9A0A5A}.Debug|Mixed Platforms.ActiveCfg = Debug|Any CPU
		{83E61245-A98A-4EA6-868F-29AC7D9A0A5A}.Debug|Mixed Platforms.Build.0 = Debug|Any CPU
		{83E61245-A98A-4EA6-868F-29AC7D9A0A5A}.Release|.NET.ActiveCfg = Release|Any CPU
		{83E61245-A98A-4EA6-868F-29AC7D9A0A5A}.Release|Any CPU.ActiveCfg = Release|Any CPU
		{83E61245-A98A-4EA6-868F-29AC7D9A0A5A}.Release|Any CPU.Build.0 = Release|Any CPU
		{83E61245-A98A-4EA6-868F-29AC7D9A0A5A}.Release|Mixed Platforms.ActiveCfg = Release|Any CPU
		{83E61245-A98A-4EA6-868F-29AC7D9A0A5A}.Release|Mixed Platforms.Build.0 = Release|Any CPU
		{DEC5B615-CF9C-4EC3-87A5-855AA876252E}.Debug|.NET.ActiveCfg = Debug|Any CPU
		{DEC5B615-CF9C-4EC3-87A5-855AA876252E}.Debug|Any CPU.ActiveCfg = Debug|Any CPU
		{DEC5B615-CF9C-4EC3-87A5-855AA876252E}.Debug|Any CPU.Build.0 = Debug|Any CPU
		{DEC5B615-CF9C-4EC3-87A5-855AA876252E}.Debug|Mixed Platforms.ActiveCfg = Debug|Any CPU
		{DEC5B615-CF9C-4EC3-87A5-855AA876252E}.Debug|Mixed Platforms.Build.0 = Debug|Any CPU
		{DEC5B615-CF9C-4EC3-87A5-855AA876252E}.Release|.NET.ActiveCfg = Release|Any CPU
		{DEC5B615-CF9C-4EC3-87A5-855AA876252E}.Release|Any CPU.ActiveCfg = Release|Any CPU
		{DEC5B615-CF9C-4EC3-87A5-855AA876252E}.Release|Any CPU.Build.0 = Release|Any CPU
		{DEC5B615-CF9C-4EC3-87A5-855AA876252E}.Release|Mixed Platforms.ActiveCfg = Release|Any CPU
		{DEC5B615-CF9C-4EC3-87A5-855AA876252E}.Release|Mixed Platforms.Build.0 = Release|Any CPU
		{824E6F90-DB29-4A4A-8B4A-9FA777F7DA8B}.Debug|.NET.ActiveCfg = Debug|Any CPU
		{824E6F90-DB29-4A4A-8B4A-9FA777F7DA8B}.Debug|Any CPU.ActiveCfg = Debug|Any CPU
		{824E6F90-DB29-4A4A-8B4A-9FA777F7DA8B}.Debug|Any CPU.Build.0 = Debug|Any CPU
		{824E6F90-DB29-4A4A-8B4A-9FA777F7DA8B}.Debug|Mixed Platforms.ActiveCfg = Debug|Any CPU
		{824E6F90-DB29-4A4A-8B4A-9FA777F7DA8B}.Debug|Mixed Platforms.Build.0 = Debug|Any CPU
		{824E6F90-DB29-4A4A-8B4A-9FA777F7DA8B}.Release|.NET.ActiveCfg = Release|Any CPU
		{824E6F90-DB29-4A4A-8B4A-9FA777F7DA8B}.Release|Any CPU.ActiveCfg = Release|Any CPU
		{824E6F90-DB29-4A4A-8B4A-9FA777F7DA8B}.Release|Any CPU.Build.0 = Release|Any CPU
		{824E6F90-DB29-4A4A-8B4A-9FA777F7DA8B}.Release|Mixed Platforms.ActiveCfg = Release|Any CPU
		{824E6F90-DB29-4A4A-8B4A-9FA777F7DA8B}.Release|Mixed Platforms.Build.0 = Release|Any CPU
		{F1FEE102-40BA-4ABA-BC5B-6410D89B8D07}.Debug|.NET.ActiveCfg = Debug|Any CPU
		{F1FEE102-40BA-4ABA-BC5B-6410D89B8D07}.Debug|Any CPU.ActiveCfg = Debug|Any CPU
		{F1FEE102-40BA-4ABA-BC5B-6410D89B8D07}.Debug|Any CPU.Build.0 = Debug|Any CPU
		{F1FEE102-40BA-4ABA-BC5B-6410D89B8D07}.Debug|Mixed Platforms.ActiveCfg = Debug|Any CPU
		{F1FEE102-40BA-4ABA-BC5B-6410D89B8D07}.Debug|Mixed Platforms.Build.0 = Debug|Any CPU
		{F1FEE102-40BA-4ABA-BC5B-6410D89B8D07}.Release|.NET.ActiveCfg = Release|Any CPU
		{F1FEE102-40BA-4ABA-BC5B-6410D89B8D07}.Release|Any CPU.ActiveCfg = Release|Any CPU
		{F1FEE102-40BA-4ABA-BC5B-6410D89B8D07}.Release|Any CPU.Build.0 = Release|Any CPU
		{F1FEE102-40BA-4ABA-BC5B-6410D89B8D07}.Release|Mixed Platforms.ActiveCfg = Release|Any CPU
		{F1FEE102-40BA-4ABA-BC5B-6410D89B8D07}.Release|Mixed Platforms.Build.0 = Release|Any CPU
		{9CFEDA75-063E-4B99-8BFD-B0087AD8936C}.Debug|.NET.ActiveCfg = Debug|Any CPU
		{9CFEDA75-063E-4B99-8BFD-B0087AD8936C}.Debug|Any CPU.ActiveCfg = Debug|Any CPU
		{9CFEDA75-063E-4B99-8BFD-B0087AD8936C}.Debug|Any CPU.Build.0 = Debug|Any CPU
		{9CFEDA75-063E-4B99-8BFD-B0087AD8936C}.Debug|Mixed Platforms.ActiveCfg = Debug|Any CPU
		{9CFEDA75-063E-4B99-8BFD-B0087AD8936C}.Debug|Mixed Platforms.Build.0 = Debug|Any CPU
		{9CFEDA75-063E-4B99-8BFD-B0087AD8936C}.Release|.NET.ActiveCfg = Release|Any CPU
		{9CFEDA75-063E-4B99-8BFD-B0087AD8936C}.Release|Any CPU.ActiveCfg = Release|Any CPU
		{9CFEDA75-063E-4B99-8BFD-B0087AD8936C}.Release|Any CPU.Build.0 = Release|Any CPU
		{9CFEDA75-063E-4B99-8BFD-B0087AD8936C}.Release|Mixed Platforms.ActiveCfg = Release|Any CPU
		{9CFEDA75-063E-4B99-8BFD-B0087AD8936C}.Release|Mixed Platforms.Build.0 = Release|Any CPU
		{DA3B3E0B-769B-4303-9D4E-51B77E0973D9}.Debug|.NET.ActiveCfg = Debug|Any CPU
		{DA3B3E0B-769B-4303-9D4E-51B77E0973D9}.Debug|Any CPU.ActiveCfg = Debug|Any CPU
		{DA3B3E0B-769B-4303-9D4E-51B77E0973D9}.Debug|Any CPU.Build.0 = Debug|Any CPU
		{DA3B3E0B-769B-4303-9D4E-51B77E0973D9}.Debug|Mixed Platforms.ActiveCfg = Debug|Any CPU
		{DA3B3E0B-769B-4303-9D4E-51B77E0973D9}.Debug|Mixed Platforms.Build.0 = Debug|Any CPU
		{DA3B3E0B-769B-4303-9D4E-51B77E0973D9}.Release|.NET.ActiveCfg = Release|Any CPU
		{DA3B3E0B-769B-4303-9D4E-51B77E0973D9}.Release|Any CPU.ActiveCfg = Release|Any CPU
		{DA3B3E0B-769B-4303-9D4E-51B77E0973D9}.Release|Any CPU.Build.0 = Release|Any CPU
		{DA3B3E0B-769B-4303-9D4E-51B77E0973D9}.Release|Mixed Platforms.ActiveCfg = Release|Any CPU
		{DA3B3E0B-769B-4303-9D4E-51B77E0973D9}.Release|Mixed Platforms.Build.0 = Release|Any CPU
		{C6B80B74-EB86-44FC-9016-F70FE4602BF5}.Debug|.NET.ActiveCfg = Debug|Any CPU
		{C6B80B74-EB86-44FC-9016-F70FE4602BF5}.Debug|Any CPU.ActiveCfg = Debug|Any CPU
		{C6B80B74-EB86-44FC-9016-F70FE4602BF5}.Debug|Any CPU.Build.0 = Debug|Any CPU
		{C6B80B74-EB86-44FC-9016-F70FE4602BF5}.Debug|Mixed Platforms.ActiveCfg = Debug|Any CPU
		{C6B80B74-EB86-44FC-9016-F70FE4602BF5}.Debug|Mixed Platforms.Build.0 = Debug|Any CPU
		{C6B80B74-EB86-44FC-9016-F70FE4602BF5}.Release|.NET.ActiveCfg = Release|Any CPU
		{C6B80B74-EB86-44FC-9016-F70FE4602BF5}.Release|Any CPU.ActiveCfg = Release|Any CPU
		{C6B80B74-EB86-44FC-9016-F70FE4602BF5}.Release|Any CPU.Build.0 = Release|Any CPU
		{C6B80B74-EB86-44FC-9016-F70FE4602BF5}.Release|Mixed Platforms.ActiveCfg = Release|Any CPU
		{C6B80B74-EB86-44FC-9016-F70FE4602BF5}.Release|Mixed Platforms.Build.0 = Release|Any CPU
		{7A1CADE6-1539-494A-922B-86A345F6EBD9}.Debug|.NET.ActiveCfg = Debug|Any CPU
		{7A1CADE6-1539-494A-922B-86A345F6EBD9}.Debug|Any CPU.ActiveCfg = Debug|Any CPU
		{7A1CADE6-1539-494A-922B-86A345F6EBD9}.Debug|Any CPU.Build.0 = Debug|Any CPU
		{7A1CADE6-1539-494A-922B-86A345F6EBD9}.Debug|Mixed Platforms.ActiveCfg = Debug|Any CPU
		{7A1CADE6-1539-494A-922B-86A345F6EBD9}.Debug|Mixed Platforms.Build.0 = Debug|Any CPU
		{7A1CADE6-1539-494A-922B-86A345F6EBD9}.Release|.NET.ActiveCfg = Release|Any CPU
		{7A1CADE6-1539-494A-922B-86A345F6EBD9}.Release|Any CPU.ActiveCfg = Release|Any CPU
		{7A1CADE6-1539-494A-922B-86A345F6EBD9}.Release|Any CPU.Build.0 = Release|Any CPU
		{7A1CADE6-1539-494A-922B-86A345F6EBD9}.Release|Mixed Platforms.ActiveCfg = Release|Any CPU
		{7A1CADE6-1539-494A-922B-86A345F6EBD9}.Release|Mixed Platforms.Build.0 = Release|Any CPU
		{25363A78-EC23-4C1F-B0FA-ED107653EF9A}.Debug|.NET.ActiveCfg = Debug|Any CPU
		{25363A78-EC23-4C1F-B0FA-ED107653EF9A}.Debug|Any CPU.ActiveCfg = Debug|Any CPU
		{25363A78-EC23-4C1F-B0FA-ED107653EF9A}.Debug|Any CPU.Build.0 = Debug|Any CPU
		{25363A78-EC23-4C1F-B0FA-ED107653EF9A}.Debug|Mixed Platforms.ActiveCfg = Debug|Any CPU
		{25363A78-EC23-4C1F-B0FA-ED107653EF9A}.Debug|Mixed Platforms.Build.0 = Debug|Any CPU
		{25363A78-EC23-4C1F-B0FA-ED107653EF9A}.Release|.NET.ActiveCfg = Release|Any CPU
		{25363A78-EC23-4C1F-B0FA-ED107653EF9A}.Release|Any CPU.ActiveCfg = Release|Any CPU
		{25363A78-EC23-4C1F-B0FA-ED107653EF9A}.Release|Any CPU.Build.0 = Release|Any CPU
		{25363A78-EC23-4C1F-B0FA-ED107653EF9A}.Release|Mixed Platforms.ActiveCfg = Release|Any CPU
		{25363A78-EC23-4C1F-B0FA-ED107653EF9A}.Release|Mixed Platforms.Build.0 = Release|Any CPU
		{DB13FC75-F5FE-454F-807E-9AD10ED62538}.Debug|.NET.ActiveCfg = Debug|Any CPU
		{DB13FC75-F5FE-454F-807E-9AD10ED62538}.Debug|Any CPU.ActiveCfg = Debug|Any CPU
		{DB13FC75-F5FE-454F-807E-9AD10ED62538}.Debug|Any CPU.Build.0 = Debug|Any CPU
		{DB13FC75-F5FE-454F-807E-9AD10ED62538}.Debug|Mixed Platforms.ActiveCfg = Debug|Any CPU
		{DB13FC75-F5FE-454F-807E-9AD10ED62538}.Debug|Mixed Platforms.Build.0 = Debug|Any CPU
		{DB13FC75-F5FE-454F-807E-9AD10ED62538}.Release|.NET.ActiveCfg = Release|Any CPU
		{DB13FC75-F5FE-454F-807E-9AD10ED62538}.Release|Any CPU.ActiveCfg = Release|Any CPU
		{DB13FC75-F5FE-454F-807E-9AD10ED62538}.Release|Any CPU.Build.0 = Release|Any CPU
		{DB13FC75-F5FE-454F-807E-9AD10ED62538}.Release|Mixed Platforms.ActiveCfg = Release|Any CPU
		{DB13FC75-F5FE-454F-807E-9AD10ED62538}.Release|Mixed Platforms.Build.0 = Release|Any CPU
		{F2C85AE0-4124-4653-9A5F-EDD002B80F15}.Debug|.NET.ActiveCfg = Debug|Any CPU
		{F2C85AE0-4124-4653-9A5F-EDD002B80F15}.Debug|Any CPU.ActiveCfg = Debug|Any CPU
		{F2C85AE0-4124-4653-9A5F-EDD002B80F15}.Debug|Any CPU.Build.0 = Debug|Any CPU
		{F2C85AE0-4124-4653-9A5F-EDD002B80F15}.Debug|Mixed Platforms.ActiveCfg = Debug|Any CPU
		{F2C85AE0-4124-4653-9A5F-EDD002B80F15}.Debug|Mixed Platforms.Build.0 = Debug|Any CPU
		{F2C85AE0-4124-4653-9A5F-EDD002B80F15}.Release|.NET.ActiveCfg = Release|Any CPU
		{F2C85AE0-4124-4653-9A5F-EDD002B80F15}.Release|Any CPU.ActiveCfg = Release|Any CPU
		{F2C85AE0-4124-4653-9A5F-EDD002B80F15}.Release|Any CPU.Build.0 = Release|Any CPU
		{F2C85AE0-4124-4653-9A5F-EDD002B80F15}.Release|Mixed Platforms.ActiveCfg = Release|Any CPU
		{F2C85AE0-4124-4653-9A5F-EDD002B80F15}.Release|Mixed Platforms.Build.0 = Release|Any CPU
		{2599AF6C-BD25-4308-BF8B-41BE48CB7196}.Debug|.NET.ActiveCfg = Debug|Any CPU
		{2599AF6C-BD25-4308-BF8B-41BE48CB7196}.Debug|Any CPU.ActiveCfg = Debug|Any CPU
		{2599AF6C-BD25-4308-BF8B-41BE48CB7196}.Debug|Any CPU.Build.0 = Debug|Any CPU
		{2599AF6C-BD25-4308-BF8B-41BE48CB7196}.Debug|Mixed Platforms.ActiveCfg = Debug|Any CPU
		{2599AF6C-BD25-4308-BF8B-41BE48CB7196}.Debug|Mixed Platforms.Build.0 = Debug|Any CPU
		{2599AF6C-BD25-4308-BF8B-41BE48CB7196}.Release|.NET.ActiveCfg = Release|Any CPU
		{2599AF6C-BD25-4308-BF8B-41BE48CB7196}.Release|Any CPU.ActiveCfg = Release|Any CPU
		{2599AF6C-BD25-4308-BF8B-41BE48CB7196}.Release|Any CPU.Build.0 = Release|Any CPU
		{2599AF6C-BD25-4308-BF8B-41BE48CB7196}.Release|Mixed Platforms.ActiveCfg = Release|Any CPU
		{2599AF6C-BD25-4308-BF8B-41BE48CB7196}.Release|Mixed Platforms.Build.0 = Release|Any CPU
		{A71259C1-2B2B-45C7-A5B8-EB3064EEF24A}.Debug|.NET.ActiveCfg = Debug
		{A71259C1-2B2B-45C7-A5B8-EB3064EEF24A}.Debug|Any CPU.ActiveCfg = Debug
		{A71259C1-2B2B-45C7-A5B8-EB3064EEF24A}.Debug|Mixed Platforms.ActiveCfg = Debug
		{A71259C1-2B2B-45C7-A5B8-EB3064EEF24A}.Release|.NET.ActiveCfg = Release
		{A71259C1-2B2B-45C7-A5B8-EB3064EEF24A}.Release|Any CPU.ActiveCfg = Release
		{A71259C1-2B2B-45C7-A5B8-EB3064EEF24A}.Release|Mixed Platforms.ActiveCfg = Release
		{5E389B06-FAAB-4F8A-9CF3-CFCC8C30A38B}.Debug|.NET.ActiveCfg = Debug|Any CPU
		{5E389B06-FAAB-4F8A-9CF3-CFCC8C30A38B}.Debug|.NET.Build.0 = Debug|Any CPU
		{5E389B06-FAAB-4F8A-9CF3-CFCC8C30A38B}.Debug|Any CPU.ActiveCfg = Debug|Any CPU
		{5E389B06-FAAB-4F8A-9CF3-CFCC8C30A38B}.Debug|Any CPU.Build.0 = Debug|Any CPU
		{5E389B06-FAAB-4F8A-9CF3-CFCC8C30A38B}.Debug|Mixed Platforms.ActiveCfg = Debug|Any CPU
		{5E389B06-FAAB-4F8A-9CF3-CFCC8C30A38B}.Debug|Mixed Platforms.Build.0 = Debug|Any CPU
		{5E389B06-FAAB-4F8A-9CF3-CFCC8C30A38B}.Release|.NET.ActiveCfg = Release|Any CPU
		{5E389B06-FAAB-4F8A-9CF3-CFCC8C30A38B}.Release|.NET.Build.0 = Release|Any CPU
		{5E389B06-FAAB-4F8A-9CF3-CFCC8C30A38B}.Release|Any CPU.ActiveCfg = Release|Any CPU
		{5E389B06-FAAB-4F8A-9CF3-CFCC8C30A38B}.Release|Any CPU.Build.0 = Release|Any CPU
		{5E389B06-FAAB-4F8A-9CF3-CFCC8C30A38B}.Release|Mixed Platforms.ActiveCfg = Release|Any CPU
		{5E389B06-FAAB-4F8A-9CF3-CFCC8C30A38B}.Release|Mixed Platforms.Build.0 = Release|Any CPU
	EndGlobalSection
	GlobalSection(SolutionProperties) = preSolution
		HideSolutionNode = FALSE
	EndGlobalSection
	GlobalSection(NestedProjects) = preSolution
		{5E389B06-FAAB-4F8A-9CF3-CFCC8C30A38B} = {E05A8D16-9C91-44F8-AB32-B220C54A0886}
	EndGlobalSection
	GlobalSection(ExtensibilityGlobals) = postSolution
		SDKPath = C:\Program Files\L3\L3SDK\
		SolutionGuid = {7EFE5B3E-04F9-4687-80A9-4C486CB9B585}
	EndGlobalSection
EndGlobal
