
Microsoft Visual Studio Solution File, Format Version 11.00
# Visual Studio 2010
Project("{E24C65DC-7377-472B-9ABA-BC803B73C61A}") = "XGMESRPT", ".", "{B3F443E9-ED73-41C7-9E7A-75A800B83E79}"
	ProjectSection(WebsiteProperties) = preProject
		SccProjectName = ""
		SccAuxPath = ""
		SccLocalPath = ""
		SccProvider = ""
		TargetFrameworkMoniker = ".NETFramework,Version%3Dv4.0"
		Debug.AspNetCompiler.VirtualPath = "/XGMES"
		Debug.AspNetCompiler.PhysicalPath = "..\XGMESRPT\"
		Debug.AspNetCompiler.TargetPath = "PrecompiledWeb\XGMES\"
		Debug.AspNetCompiler.Updateable = "true"
		Debug.AspNetCompiler.ForceOverwrite = "true"
		Debug.AspNetCompiler.FixedNames = "false"
		Debug.AspNetCompiler.Debug = "True"
		Release.AspNetCompiler.VirtualPath = "/XGMES"
		Release.AspNetCompiler.PhysicalPath = "..\XGMESRPT\"
		Release.AspNetCompiler.TargetPath = "PrecompiledWeb\XGMES\"
		Release.AspNetCompiler.Updateable = "true"
		Release.AspNetCompiler.ForceOverwrite = "true"
		Release.AspNetCompiler.FixedNames = "false"
		Release.AspNetCompiler.Debug = "False"
		VWDPort = "41466"
	EndProjectSection
EndProject
Global
	GlobalSection(SolutionConfigurationPlatforms) = preSolution
		Debug|.NET = Debug|.NET
	EndGlobalSection
	GlobalSection(ProjectConfigurationPlatforms) = postSolution
		{B3F443E9-ED73-41C7-9E7A-75A800B83E79}.Debug|.NET.ActiveCfg = Debug|.NET
		{B3F443E9-ED73-41C7-9E7A-75A800B83E79}.Debug|.NET.Build.0 = Debug|.NET
	EndGlobalSection
	GlobalSection(SolutionProperties) = preSolution
		HideSolutionNode = FALSE
	EndGlobalSection
EndGlobal
