
Microsoft Visual Studio Solution File, Format Version 12.00
# Visual Studio 15
VisualStudioVersion = 15.0.27428.2015
MinimumVisualStudioVersion = 10.0.40219.1
Project("{FAE04EC0-301F-11D3-BF4B-00C04F79EFBC}") = "MESIF", "MesCall\MESIF.csproj", "{AF3C3437-9CC5-4681-ACB8-B34359F58868}"
EndProject
Project("{E24C65DC-7377-472B-9ABA-BC803B73C61A}") = "MesDataIF", "MesDataIF\", "{0716D30B-FD6E-4394-85AD-5700A44126E1}"
	ProjectSection(WebsiteProperties) = preProject
		TargetFrameworkMoniker = ".NETFramework,Version%3Dv2.0"
		Debug.AspNetCompiler.VirtualPath = "/localhost_64916"
		Debug.AspNetCompiler.PhysicalPath = "MesDataIF\"
		Debug.AspNetCompiler.TargetPath = "PrecompiledWeb\localhost_64916\"
		Debug.AspNetCompiler.Updateable = "true"
		Debug.AspNetCompiler.ForceOverwrite = "true"
		Debug.AspNetCompiler.FixedNames = "false"
		Debug.AspNetCompiler.Debug = "True"
		Release.AspNetCompiler.VirtualPath = "/localhost_64916"
		Release.AspNetCompiler.PhysicalPath = "MesDataIF\"
		Release.AspNetCompiler.TargetPath = "PrecompiledWeb\localhost_64916\"
		Release.AspNetCompiler.Updateable = "true"
		Release.AspNetCompiler.ForceOverwrite = "true"
		Release.AspNetCompiler.FixedNames = "false"
		Release.AspNetCompiler.Debug = "False"
		VWDPort = "64916"
		SlnRelativePath = "MesDataIF\"
		DefaultWebSiteLanguage = "Visual C#"
	EndProjectSection
EndProject
Project("{FAE04EC0-301F-11D3-BF4B-00C04F79EFBC}") = "NCCaller", "NCCaller\NCCaller.csproj", "{30599D75-AFC8-47C0-B6AA-43A5DD1D10A9}"
EndProject
Project("{E24C65DC-7377-472B-9ABA-BC803B73C61A}") = "MesServer", "MesServer\", "{DAF332CD-51E3-44E4-9791-ED42D4E7F4CC}"
	ProjectSection(WebsiteProperties) = preProject
		TargetFrameworkMoniker = ".NETFramework,Version%3Dv2.0"
		Debug.AspNetCompiler.VirtualPath = "/localhost_59169"
		Debug.AspNetCompiler.PhysicalPath = "MesServer\"
		Debug.AspNetCompiler.TargetPath = "PrecompiledWeb\localhost_59169\"
		Debug.AspNetCompiler.Updateable = "true"
		Debug.AspNetCompiler.ForceOverwrite = "true"
		Debug.AspNetCompiler.FixedNames = "false"
		Debug.AspNetCompiler.Debug = "True"
		Release.AspNetCompiler.VirtualPath = "/localhost_59169"
		Release.AspNetCompiler.PhysicalPath = "MesServer\"
		Release.AspNetCompiler.TargetPath = "PrecompiledWeb\localhost_59169\"
		Release.AspNetCompiler.Updateable = "true"
		Release.AspNetCompiler.ForceOverwrite = "true"
		Release.AspNetCompiler.FixedNames = "false"
		Release.AspNetCompiler.Debug = "False"
		VWDPort = "59169"
		SlnRelativePath = "MesServer\"
		DefaultWebSiteLanguage = "Visual C#"
	EndProjectSection
EndProject
Project("{FAE04EC0-301F-11D3-BF4B-00C04F79EFBC}") = "testWebService", "testWebService\testWebService.csproj", "{9B2A9A34-9CC0-4B1C-A250-126EF1413867}"
	ProjectSection(ProjectDependencies) = postProject
		{DAF332CD-51E3-44E4-9791-ED42D4E7F4CC} = {DAF332CD-51E3-44E4-9791-ED42D4E7F4CC}
	EndProjectSection
EndProject
Project("{FAE04EC0-301F-11D3-BF4B-00C04F79EFBC}") = "testIF", "testIF\testIF.csproj", "{6AE8A034-CA7F-4B54-B0A3-46460877FC4C}"
EndProject
Global
	GlobalSection(SolutionConfigurationPlatforms) = preSolution
		Debug|Any CPU = Debug|Any CPU
		Release|Any CPU = Release|Any CPU
	EndGlobalSection
	GlobalSection(ProjectConfigurationPlatforms) = postSolution
		{AF3C3437-9CC5-4681-ACB8-B34359F58868}.Debug|Any CPU.ActiveCfg = Debug|Any CPU
		{AF3C3437-9CC5-4681-ACB8-B34359F58868}.Debug|Any CPU.Build.0 = Debug|Any CPU
		{AF3C3437-9CC5-4681-ACB8-B34359F58868}.Release|Any CPU.ActiveCfg = Release|Any CPU
		{AF3C3437-9CC5-4681-ACB8-B34359F58868}.Release|Any CPU.Build.0 = Release|Any CPU
		{0716D30B-FD6E-4394-85AD-5700A44126E1}.Debug|Any CPU.ActiveCfg = Debug|Any CPU
		{0716D30B-FD6E-4394-85AD-5700A44126E1}.Debug|Any CPU.Build.0 = Debug|Any CPU
		{0716D30B-FD6E-4394-85AD-5700A44126E1}.Release|Any CPU.ActiveCfg = Debug|Any CPU
		{0716D30B-FD6E-4394-85AD-5700A44126E1}.Release|Any CPU.Build.0 = Debug|Any CPU
		{30599D75-AFC8-47C0-B6AA-43A5DD1D10A9}.Debug|Any CPU.ActiveCfg = Debug|Any CPU
		{30599D75-AFC8-47C0-B6AA-43A5DD1D10A9}.Debug|Any CPU.Build.0 = Debug|Any CPU
		{30599D75-AFC8-47C0-B6AA-43A5DD1D10A9}.Release|Any CPU.ActiveCfg = Release|Any CPU
		{30599D75-AFC8-47C0-B6AA-43A5DD1D10A9}.Release|Any CPU.Build.0 = Release|Any CPU
		{DAF332CD-51E3-44E4-9791-ED42D4E7F4CC}.Debug|Any CPU.ActiveCfg = Debug|Any CPU
		{DAF332CD-51E3-44E4-9791-ED42D4E7F4CC}.Debug|Any CPU.Build.0 = Debug|Any CPU
		{DAF332CD-51E3-44E4-9791-ED42D4E7F4CC}.Release|Any CPU.ActiveCfg = Debug|Any CPU
		{DAF332CD-51E3-44E4-9791-ED42D4E7F4CC}.Release|Any CPU.Build.0 = Debug|Any CPU
		{9B2A9A34-9CC0-4B1C-A250-126EF1413867}.Debug|Any CPU.ActiveCfg = Debug|Any CPU
		{9B2A9A34-9CC0-4B1C-A250-126EF1413867}.Debug|Any CPU.Build.0 = Debug|Any CPU
		{9B2A9A34-9CC0-4B1C-A250-126EF1413867}.Release|Any CPU.ActiveCfg = Release|Any CPU
		{9B2A9A34-9CC0-4B1C-A250-126EF1413867}.Release|Any CPU.Build.0 = Release|Any CPU
		{6AE8A034-CA7F-4B54-B0A3-46460877FC4C}.Debug|Any CPU.ActiveCfg = Debug|Any CPU
		{6AE8A034-CA7F-4B54-B0A3-46460877FC4C}.Debug|Any CPU.Build.0 = Debug|Any CPU
		{6AE8A034-CA7F-4B54-B0A3-46460877FC4C}.Release|Any CPU.ActiveCfg = Release|Any CPU
		{6AE8A034-CA7F-4B54-B0A3-46460877FC4C}.Release|Any CPU.Build.0 = Release|Any CPU
	EndGlobalSection
	GlobalSection(SolutionProperties) = preSolution
		HideSolutionNode = FALSE
	EndGlobalSection
	GlobalSection(ExtensibilityGlobals) = postSolution
		SolutionGuid = {189091B2-692D-4F2F-9DFE-42A472F41E7B}
	EndGlobalSection
EndGlobal
